{
  "com.netflix.nebula:gradle-contacts-plugin": { "locked": "2.2.0", "requested": "2.2.+" },
  "com.netflix.nebula:nebula-test": { "locked": "2.2.0", "requested": "2.2.+" },
  "com.perforce:p4java": { "locked": "2014.1.965322", "requested": "2014.1.965322" },
  "org.eclipse.jgit:org.eclipse.jgit": { "locked": "3.2.0.201312181205-r", "requested": "3.2.0.201312181205-r" }
}
