{
    "compile": {
        "com.netflix.nebula:gradle-contacts-plugin": {
            "locked": "3.0.1",
            "requested": "3.0.1"
        },
        "com.perforce:p4java": {
            "locked": "2015.2.1365273",
            "requested": "2015.2.1365273"
        },
        "org.eclipse.jgit:org.eclipse.jgit": {
            "locked": "4.4.1.201607150455-r",
            "requested": "4.4.1.201607150455-r"
        },
        "org.tmatesoft.svnkit:svnkit": {
            "locked": "1.8.12",
            "requested": "1.8.12"
        }
    },
    "compileClasspath": {
        "com.netflix.nebula:gradle-contacts-plugin": {
            "locked": "3.0.1",
            "requested": "3.0.1"
        },
        "com.perforce:p4java": {
            "locked": "2015.2.1365273",
            "requested": "2015.2.1365273"
        },
        "org.eclipse.jgit:org.eclipse.jgit": {
            "locked": "4.4.1.201607150455-r",
            "requested": "4.4.1.201607150455-r"
        },
        "org.tmatesoft.svnkit:svnkit": {
            "locked": "1.8.12",
            "requested": "1.8.12"
        }
    },
    "default": {
        "com.netflix.nebula:gradle-contacts-plugin": {
            "locked": "3.0.1",
            "requested": "3.0.1"
        },
        "com.perforce:p4java": {
            "locked": "2015.2.1365273",
            "requested": "2015.2.1365273"
        },
        "org.eclipse.jgit:org.eclipse.jgit": {
            "locked": "4.4.1.201607150455-r",
            "requested": "4.4.1.201607150455-r"
        },
        "org.tmatesoft.svnkit:svnkit": {
            "locked": "1.8.12",
            "requested": "1.8.12"
        }
    },
    "integTestCompile": {
        "com.netflix.nebula:gradle-contacts-plugin": {
            "locked": "3.0.1",
            "requested": "3.0.1"
        },
        "com.netflix.nebula:nebula-test": {
            "locked": "6.0.1",
            "requested": "6.0.1"
        },
        "com.perforce:p4java": {
            "locked": "2015.2.1365273",
            "requested": "2015.2.1365273"
        },
        "org.eclipse.jgit:org.eclipse.jgit": {
            "locked": "4.4.1.201607150455-r",
            "requested": "4.4.1.201607150455-r"
        },
        "org.tmatesoft.svnkit:svnkit": {
            "locked": "1.8.12",
            "requested": "1.8.12"
        }
    },
    "integTestCompileClasspath": {
        "com.netflix.nebula:gradle-contacts-plugin": {
            "locked": "3.0.1",
            "requested": "3.0.1"
        },
        "com.netflix.nebula:nebula-test": {
            "locked": "6.0.1",
            "requested": "6.0.1"
        },
        "com.perforce:p4java": {
            "locked": "2015.2.1365273",
            "requested": "2015.2.1365273"
        },
        "org.eclipse.jgit:org.eclipse.jgit": {
            "locked": "4.4.1.201607150455-r",
            "requested": "4.4.1.201607150455-r"
        },
        "org.tmatesoft.svnkit:svnkit": {
            "locked": "1.8.12",
            "requested": "1.8.12"
        }
    },
    "integTestRuntime": {
        "com.netflix.nebula:gradle-contacts-plugin": {
            "locked": "3.0.1",
            "requested": "3.0.1"
        },
        "com.netflix.nebula:nebula-test": {
            "locked": "6.0.1",
            "requested": "6.0.1"
        },
        "com.perforce:p4java": {
            "locked": "2015.2.1365273",
            "requested": "2015.2.1365273"
        },
        "org.eclipse.jgit:org.eclipse.jgit": {
            "locked": "4.4.1.201607150455-r",
            "requested": "4.4.1.201607150455-r"
        },
        "org.tmatesoft.svnkit:svnkit": {
            "locked": "1.8.12",
            "requested": "1.8.12"
        }
    },
    "integTestRuntimeClasspath": {
        "com.netflix.nebula:gradle-contacts-plugin": {
            "locked": "3.0.1",
            "requested": "3.0.1"
        },
        "com.netflix.nebula:nebula-test": {
            "locked": "6.0.1",
            "requested": "6.0.1"
        },
        "com.perforce:p4java": {
            "locked": "2015.2.1365273",
            "requested": "2015.2.1365273"
        },
        "org.eclipse.jgit:org.eclipse.jgit": {
            "locked": "4.4.1.201607150455-r",
            "requested": "4.4.1.201607150455-r"
        },
        "org.tmatesoft.svnkit:svnkit": {
            "locked": "1.8.12",
            "requested": "1.8.12"
        }
    },
    "jacocoAgent": {
        "org.jacoco:org.jacoco.agent": {
            "locked": "0.7.8"
        }
    },
    "jacocoAnt": {
        "org.jacoco:org.jacoco.ant": {
            "locked": "0.7.8"
        }
    },
    "runtime": {
        "com.netflix.nebula:gradle-contacts-plugin": {
            "locked": "3.0.1",
            "requested": "3.0.1"
        },
        "com.perforce:p4java": {
            "locked": "2015.2.1365273",
            "requested": "2015.2.1365273"
        },
        "org.eclipse.jgit:org.eclipse.jgit": {
            "locked": "4.4.1.201607150455-r",
            "requested": "4.4.1.201607150455-r"
        },
        "org.tmatesoft.svnkit:svnkit": {
            "locked": "1.8.12",
            "requested": "1.8.12"
        }
    },
    "runtimeClasspath": {
        "com.netflix.nebula:gradle-contacts-plugin": {
            "locked": "3.0.1",
            "requested": "3.0.1"
        },
        "com.perforce:p4java": {
            "locked": "2015.2.1365273",
            "requested": "2015.2.1365273"
        },
        "org.eclipse.jgit:org.eclipse.jgit": {
            "locked": "4.4.1.201607150455-r",
            "requested": "4.4.1.201607150455-r"
        },
        "org.tmatesoft.svnkit:svnkit": {
            "locked": "1.8.12",
            "requested": "1.8.12"
        }
    },
    "testCompile": {
        "com.netflix.nebula:gradle-contacts-plugin": {
            "locked": "3.0.1",
            "requested": "3.0.1"
        },
        "com.netflix.nebula:nebula-test": {
            "locked": "6.0.1",
            "requested": "6.0.1"
        },
        "com.perforce:p4java": {
            "locked": "2015.2.1365273",
            "requested": "2015.2.1365273"
        },
        "org.eclipse.jgit:org.eclipse.jgit": {
            "locked": "4.4.1.201607150455-r",
            "requested": "4.4.1.201607150455-r"
        },
        "org.tmatesoft.svnkit:svnkit": {
            "locked": "1.8.12",
            "requested": "1.8.12"
        }
    },
    "testCompileClasspath": {
        "com.netflix.nebula:gradle-contacts-plugin": {
            "locked": "3.0.1",
            "requested": "3.0.1"
        },
        "com.netflix.nebula:nebula-test": {
            "locked": "6.0.1",
            "requested": "6.0.1"
        },
        "com.perforce:p4java": {
            "locked": "2015.2.1365273",
            "requested": "2015.2.1365273"
        },
        "org.eclipse.jgit:org.eclipse.jgit": {
            "locked": "4.4.1.201607150455-r",
            "requested": "4.4.1.201607150455-r"
        },
        "org.tmatesoft.svnkit:svnkit": {
            "locked": "1.8.12",
            "requested": "1.8.12"
        }
    },
    "testRuntime": {
        "com.netflix.nebula:gradle-contacts-plugin": {
            "locked": "3.0.1",
            "requested": "3.0.1"
        },
        "com.netflix.nebula:nebula-test": {
            "locked": "6.0.1",
            "requested": "6.0.1"
        },
        "com.perforce:p4java": {
            "locked": "2015.2.1365273",
            "requested": "2015.2.1365273"
        },
        "org.eclipse.jgit:org.eclipse.jgit": {
            "locked": "4.4.1.201607150455-r",
            "requested": "4.4.1.201607150455-r"
        },
        "org.tmatesoft.svnkit:svnkit": {
            "locked": "1.8.12",
            "requested": "1.8.12"
        }
    },
    "testRuntimeClasspath": {
        "com.netflix.nebula:gradle-contacts-plugin": {
            "locked": "3.0.1",
            "requested": "3.0.1"
        },
        "com.netflix.nebula:nebula-test": {
            "locked": "6.0.1",
            "requested": "6.0.1"
        },
        "com.perforce:p4java": {
            "locked": "2015.2.1365273",
            "requested": "2015.2.1365273"
        },
        "org.eclipse.jgit:org.eclipse.jgit": {
            "locked": "4.4.1.201607150455-r",
            "requested": "4.4.1.201607150455-r"
        },
        "org.tmatesoft.svnkit:svnkit": {
            "locked": "1.8.12",
            "requested": "1.8.12"
        }
    }
}