{
    "compile": {
        "com.netflix.nebula:gradle-contacts-plugin": {
            "locked": "3.0.1",
            "requested": "latest.release"
        },
        "com.perforce:p4java": {
            "locked": "2015.2.1365273",
            "requested": "latest.release"
        },
        "org.eclipse.jgit:org.eclipse.jgit": {
            "locked": "4.4.0.201605250940-rc1",
            "requested": "latest.release"
        },
        "org.tmatesoft.svnkit:svnkit": {
            "locked": "1.8.12",
            "requested": "1.8.+"
        }
    },
    "compileClasspath": {
        "com.netflix.nebula:gradle-contacts-plugin": {
            "locked": "3.0.1",
            "requested": "latest.release"
        },
        "com.perforce:p4java": {
            "locked": "2015.2.1365273",
            "requested": "latest.release"
        },
        "org.eclipse.jgit:org.eclipse.jgit": {
            "locked": "4.4.0.201605250940-rc1",
            "requested": "latest.release"
        },
        "org.tmatesoft.svnkit:svnkit": {
            "locked": "1.8.12",
            "requested": "1.8.+"
        }
    },
    "compileOnly": {
        "com.netflix.nebula:gradle-contacts-plugin": {
            "locked": "3.0.1",
            "requested": "latest.release"
        },
        "com.perforce:p4java": {
            "locked": "2015.2.1365273",
            "requested": "latest.release"
        },
        "org.eclipse.jgit:org.eclipse.jgit": {
            "locked": "4.4.0.201605250940-rc1",
            "requested": "latest.release"
        },
        "org.tmatesoft.svnkit:svnkit": {
            "locked": "1.8.12",
            "requested": "1.8.+"
        }
    },
    "default": {
        "com.netflix.nebula:gradle-contacts-plugin": {
            "locked": "3.0.1",
            "requested": "latest.release"
        },
        "com.perforce:p4java": {
            "locked": "2015.2.1365273",
            "requested": "latest.release"
        },
        "org.eclipse.jgit:org.eclipse.jgit": {
            "locked": "4.4.0.201605250940-rc1",
            "requested": "latest.release"
        },
        "org.tmatesoft.svnkit:svnkit": {
            "locked": "1.8.12",
            "requested": "1.8.+"
        }
    },
    "jacocoAgent": {
        "org.jacoco:org.jacoco.agent": {
            "locked": "0.7.6.201602180812"
        }
    },
    "jacocoAnt": {
        "org.jacoco:org.jacoco.ant": {
            "locked": "0.7.6.201602180812"
        }
    },
    "runtime": {
        "com.netflix.nebula:gradle-contacts-plugin": {
            "locked": "3.0.1",
            "requested": "latest.release"
        },
        "com.perforce:p4java": {
            "locked": "2015.2.1365273",
            "requested": "latest.release"
        },
        "org.eclipse.jgit:org.eclipse.jgit": {
            "locked": "4.4.0.201605250940-rc1",
            "requested": "latest.release"
        },
        "org.tmatesoft.svnkit:svnkit": {
            "locked": "1.8.12",
            "requested": "1.8.+"
        }
    },
    "testCompile": {
        "com.netflix.nebula:gradle-contacts-plugin": {
            "locked": "3.0.1",
            "requested": "latest.release"
        },
        "com.netflix.nebula:nebula-test": {
            "locked": "4.2.0",
            "requested": "4.2.0"
        },
        "com.perforce:p4java": {
            "locked": "2015.2.1365273",
            "requested": "latest.release"
        },
        "org.eclipse.jgit:org.eclipse.jgit": {
            "locked": "4.4.0.201605250940-rc1",
            "requested": "latest.release"
        },
        "org.tmatesoft.svnkit:svnkit": {
            "locked": "1.8.12",
            "requested": "1.8.+"
        }
    },
    "testCompileClasspath": {
        "com.netflix.nebula:gradle-contacts-plugin": {
            "locked": "3.0.1",
            "requested": "latest.release"
        },
        "com.netflix.nebula:nebula-test": {
            "locked": "4.2.0",
            "requested": "4.2.0"
        },
        "com.perforce:p4java": {
            "locked": "2015.2.1365273",
            "requested": "latest.release"
        },
        "org.eclipse.jgit:org.eclipse.jgit": {
            "locked": "4.4.0.201605250940-rc1",
            "requested": "latest.release"
        },
        "org.tmatesoft.svnkit:svnkit": {
            "locked": "1.8.12",
            "requested": "1.8.+"
        }
    },
    "testCompileOnly": {
        "com.netflix.nebula:gradle-contacts-plugin": {
            "locked": "3.0.1",
            "requested": "latest.release"
        },
        "com.netflix.nebula:nebula-test": {
            "locked": "4.2.0",
            "requested": "4.2.0"
        },
        "com.perforce:p4java": {
            "locked": "2015.2.1365273",
            "requested": "latest.release"
        },
        "org.eclipse.jgit:org.eclipse.jgit": {
            "locked": "4.4.0.201605250940-rc1",
            "requested": "latest.release"
        },
        "org.tmatesoft.svnkit:svnkit": {
            "locked": "1.8.12",
            "requested": "1.8.+"
        }
    },
    "testRuntime": {
        "com.netflix.nebula:gradle-contacts-plugin": {
            "locked": "3.0.1",
            "requested": "latest.release"
        },
        "com.netflix.nebula:nebula-test": {
            "locked": "4.2.0",
            "requested": "4.2.0"
        },
        "com.perforce:p4java": {
            "locked": "2015.2.1365273",
            "requested": "latest.release"
        },
        "org.eclipse.jgit:org.eclipse.jgit": {
            "locked": "4.4.0.201605250940-rc1",
            "requested": "latest.release"
        },
        "org.tmatesoft.svnkit:svnkit": {
            "locked": "1.8.12",
            "requested": "1.8.+"
        }
    }
}